
Microsoft Visual Studio Solution File, Format Version 12.00
# Visual Studio Version 17
VisualStudioVersion = 17.8.34322.80
MinimumVisualStudioVersion = 10.0.40219.1
Project("{9A19103F-16F7-4668-BE54-9A1E7A4F7556}") = "Measurements", "Measurments\Measurements.csproj", "{E360F308-3C03-4A07-B0D8-0F2E45CFF2A5}"
EndProject
Project("{FAE04EC0-301F-11D3-BF4B-00C04F79EFBC}") = "Measurements.Tests", "Measurements.Tests\Measurements.Tests.csproj", "{B65736CA-2F13-4871-BEAD-277A08511902}"
EndProject
Global
	GlobalSection(SolutionConfigurationPlatforms) = preSolution
		Debug|Any CPU = Debug|Any CPU
		Release|Any CPU = Release|Any CPU
	EndGlobalSection
	GlobalSection(ProjectConfigurationPlatforms) = postSolution
		{E360F308-3C03-4A07-B0D8-0F2E45CFF2A5}.Debug|Any CPU.ActiveCfg = Debug|Any CPU
		{E360F308-3C03-4A07-B0D8-0F2E45CFF2A5}.Debug|Any CPU.Build.0 = Debug|Any CPU
		{E360F308-3C03-4A07-B0D8-0F2E45CFF2A5}.Release|Any CPU.ActiveCfg = Release|Any CPU
		{E360F308-3C03-4A07-B0D8-0F2E45CFF2A5}.Release|Any CPU.Build.0 = Release|Any CPU
		{B65736CA-2F13-4871-BEAD-277A08511902}.Debug|Any CPU.ActiveCfg = Debug|Any CPU
		{B65736CA-2F13-4871-BEAD-277A08511902}.Debug|Any CPU.Build.0 = Debug|Any CPU
		{B65736CA-2F13-4871-BEAD-277A08511902}.Release|Any CPU.ActiveCfg = Release|Any CPU
		{B65736CA-2F13-4871-BEAD-277A08511902}.Release|Any CPU.Build.0 = Release|Any CPU
	EndGlobalSection
	GlobalSection(SolutionProperties) = preSolution
		HideSolutionNode = FALSE
	EndGlobalSection
	GlobalSection(ExtensibilityGlobals) = postSolution
		SolutionGuid = {D8D56557-94D9-48E4-91F6-C253786DE07C}
	EndGlobalSection
EndGlobal
